
Microsoft Visual Studio Solution File, Format Version 11.00
# Visual Studio 2010
Project("{FAE04EC0-301F-11D3-BF4B-00C04F79EFBC}") = "JoCa1", "Assembly-CSharp.csproj", "{0F8D25B2-CE98-A4A6-D360-39E3953B56BE}"
EndProject
Project("{FAE04EC0-301F-11D3-BF4B-00C04F79EFBC}") = "JoCa1", "Assembly-CSharp-Editor.csproj", "{B78F7D92-30CB-4088-D66A-98CCEADA726E}"
EndProject
Global
	GlobalSection(SolutionConfigurationPlatforms) = preSolution
		Debug|Any CPU = Debug|Any CPU
		Release|Any CPU = Release|Any CPU
	EndGlobalSection
	GlobalSection(ProjectConfigurationPlatforms) = postSolution
		{0F8D25B2-CE98-A4A6-D360-39E3953B56BE}.Debug|Any CPU.ActiveCfg = Debug|Any CPU
		{0F8D25B2-CE98-A4A6-D360-39E3953B56BE}.Debug|Any CPU.Build.0 = Debug|Any CPU
		{0F8D25B2-CE98-A4A6-D360-39E3953B56BE}.Release|Any CPU.ActiveCfg = Release|Any CPU
		{0F8D25B2-CE98-A4A6-D360-39E3953B56BE}.Release|Any CPU.Build.0 = Release|Any CPU
		{B78F7D92-30CB-4088-D66A-98CCEADA726E}.Debug|Any CPU.ActiveCfg = Debug|Any CPU
		{B78F7D92-30CB-4088-D66A-98CCEADA726E}.Debug|Any CPU.Build.0 = Debug|Any CPU
		{B78F7D92-30CB-4088-D66A-98CCEADA726E}.Release|Any CPU.ActiveCfg = Release|Any CPU
		{B78F7D92-30CB-4088-D66A-98CCEADA726E}.Release|Any CPU.Build.0 = Release|Any CPU
	EndGlobalSection
	GlobalSection(SolutionProperties) = preSolution
		HideSolutionNode = FALSE
	EndGlobalSection
	GlobalSection(MonoDevelopProperties) = preSolution
		StartupItem = Assembly-CSharp.csproj
	EndGlobalSection
EndGlobal
